// !$*UTF8*$!
{
	archiveVersion = 1;
	classes = {
	};
	objectVersion = 46;
	objects = {

/* Begin PBXBuildFile section */
		D7A13BD91BE0F0C50052B3FE /* AppDelegate.swift in Sources */ = {isa = PBXBuildFile; fileRef = D7A13BD81BE0F0C50052B3FE /* AppDelegate.swift */; };
		D7A13BDB1BE0F0C50052B3FE /* ViewController.swift in Sources */ = {isa = PBXBuildFile; fileRef = D7A13BDA1BE0F0C50052B3FE /* ViewController.swift */; };
		D7A13BDE1BE0F0C50052B3FE /* Main.storyboard in Resources */ = {isa = PBXBuildFile; fileRef = D7A13BDC1BE0F0C50052B3FE /* Main.storyboard */; };
		D7A13BE01BE0F0C50052B3FE /* Assets.xcassets in Resources */ = {isa = PBXBuildFile; fileRef = D7A13BDF1BE0F0C50052B3FE /* Assets.xcassets */; };
		D7A13BE31BE0F0C50052B3FE /* LaunchScreen.storyboard in Resources */ = {isa = PBXBuildFile; fileRef = D7A13BE11BE0F0C50052B3FE /* LaunchScreen.storyboard */; };
		D7A13BEE1BE0F0C50052B3FE /* myJWTests.swift in Sources */ = {isa = PBXBuildFile; fileRef = D7A13BED1BE0F0C50052B3FE /* myJWTests.swift */; };
		D7A13BF91BE0F2E80052B3FE /* index.html in Resources */ = {isa = PBXBuildFile; fileRef = D7A13BF81BE0F2E80052B3FE /* index.html */; };
		D7A13BFB1BE0F43E0052B3FE /* main.css in Resources */ = {isa = PBXBuildFile; fileRef = D7A13BFA1BE0F43E0052B3FE /* main.css */; };
		D7A13BFD1BE0F49A0052B3FE /* main.js in Resources */ = {isa = PBXBuildFile; fileRef = D7A13BFC1BE0F49A0052B3FE /* main.js */; };
/* End PBXBuildFile section */

/* Begin PBXContainerItemProxy section */
		D7A13BEA1BE0F0C50052B3FE /* PBXContainerItemProxy */ = {
			isa = PBXContainerItemProxy;
			containerPortal = D7A13BCD1BE0F0C50052B3FE /* Project object */;
			proxyType = 1;
			remoteGlobalIDString = D7A13BD41BE0F0C50052B3FE;
			remoteInfo = myJW;
		};
/* End PBXContainerItemProxy section */

/* Begin PBXFileReference section */
		D7A13BD51BE0F0C50052B3FE /* myJW.app */ = {isa = PBXFileReference; explicitFileType = wrapper.application; includeInIndex = 0; path = myJW.app; sourceTree = BUILT_PRODUCTS_DIR; };
		D7A13BD81BE0F0C50052B3FE /* AppDelegate.swift */ = {isa = PBXFileReference; lastKnownFileType = sourcecode.swift; path = AppDelegate.swift; sourceTree = "<group>"; };
		D7A13BDA1BE0F0C50052B3FE /* ViewController.swift */ = {isa = PBXFileReference; lastKnownFileType = sourcecode.swift; path = ViewController.swift; sourceTree = "<group>"; };
		D7A13BDD1BE0F0C50052B3FE /* Base */ = {isa = PBXFileReference; lastKnownFileType = file.storyboard; name = Base; path = Base.lproj/Main.storyboard; sourceTree = "<group>"; };
		D7A13BDF1BE0F0C50052B3FE /* Assets.xcassets */ = {isa = PBXFileReference; lastKnownFileType = folder.assetcatalog; path = Assets.xcassets; sourceTree = "<group>"; };
		D7A13BE21BE0F0C50052B3FE /* Base */ = {isa = PBXFileReference; lastKnownFileType = file.storyboard; name = Base; path = Base.lproj/LaunchScreen.storyboard; sourceTree = "<group>"; };
		D7A13BE41BE0F0C50052B3FE /* Info.plist */ = {isa = PBXFileReference; lastKnownFileType = text.plist.xml; path = Info.plist; sourceTree = "<group>"; };
		D7A13BE91BE0F0C50052B3FE /* myJWTests.xctest */ = {isa = PBXFileReference; explicitFileType = wrapper.cfbundle; includeInIndex = 0; path = myJWTests.xctest; sourceTree = BUILT_PRODUCTS_DIR; };
		D7A13BED1BE0F0C50052B3FE /* myJWTests.swift */ = {isa = PBXFileReference; lastKnownFileType = sourcecode.swift; path = myJWTests.swift; sourceTree = "<group>"; };
		D7A13BEF1BE0F0C50052B3FE /* Info.plist */ = {isa = PBXFileReference; lastKnownFileType = text.plist.xml; path = Info.plist; sourceTree = "<group>"; };
		D7A13BF81BE0F2E80052B3FE /* index.html */ = {isa = PBXFileReference; fileEncoding = 4; lastKnownFileType = text.html; path = index.html; sourceTree = "<group>"; };
		D7A13BFA1BE0F43E0052B3FE /* main.css */ = {isa = PBXFileReference; fileEncoding = 4; lastKnownFileType = text.css; path = main.css; sourceTree = "<group>"; };
		D7A13BFC1BE0F49A0052B3FE /* main.js */ = {isa = PBXFileReference; fileEncoding = 4; lastKnownFileType = sourcecode.javascript; path = main.js; sourceTree = "<group>"; };
/* End PBXFileReference section */

/* Begin PBXFrameworksBuildPhase section */
		D7A13BD21BE0F0C50052B3FE /* Frameworks */ = {
			isa = PBXFrameworksBuildPhase;
			buildActionMask = 2147483647;
			files = (
			);
			runOnlyForDeploymentPostprocessing = 0;
		};
		D7A13BE61BE0F0C50052B3FE /* Frameworks */ = {
			isa = PBXFrameworksBuildPhase;
			buildActionMask = 2147483647;
			files = (
			);
			runOnlyForDeploymentPostprocessing = 0;
		};
/* End PBXFrameworksBuildPhase section */

/* Begin PBXGroup section */
		D7A13BCC1BE0F0C50052B3FE = {
			isa = PBXGroup;
			children = (
				D7A13BD71BE0F0C50052B3FE /* myJW */,
				D7A13BEC1BE0F0C50052B3FE /* myJWTests */,
				D7A13BD61BE0F0C50052B3FE /* Products */,
			);
			sourceTree = "<group>";
		};
		D7A13BD61BE0F0C50052B3FE /* Products */ = {
			isa = PBXGroup;
			children = (
				D7A13BD51BE0F0C50052B3FE /* myJW.app */,
				D7A13BE91BE0F0C50052B3FE /* myJWTests.xctest */,
			);
			name = Products;
			sourceTree = "<group>";
		};
		D7A13BD71BE0F0C50052B3FE /* myJW */ = {
			isa = PBXGroup;
			children = (
				D7A13BD81BE0F0C50052B3FE /* AppDelegate.swift */,
				D7A13BDA1BE0F0C50052B3FE /* ViewController.swift */,
				D7A13BDC1BE0F0C50052B3FE /* Main.storyboard */,
				D7A13BF81BE0F2E80052B3FE /* index.html */,
				D7A13BFC1BE0F49A0052B3FE /* main.js */,
				D7A13BFA1BE0F43E0052B3FE /* main.css */,
				D7A13BDF1BE0F0C50052B3FE /* Assets.xcassets */,
				D7A13BE11BE0F0C50052B3FE /* LaunchScreen.storyboard */,
				D7A13BE41BE0F0C50052B3FE /* Info.plist */,
			);
			path = myJW;
			sourceTree = "<group>";
		};
		D7A13BEC1BE0F0C50052B3FE /* myJWTests */ = {
			isa = PBXGroup;
			children = (
				D7A13BED1BE0F0C50052B3FE /* myJWTests.swift */,
				D7A13BEF1BE0F0C50052B3FE /* Info.plist */,
			);
			path = myJWTests;
			sourceTree = "<group>";
		};
/* End PBXGroup section */

/* Begin PBXNativeTarget section */
		D7A13BD41BE0F0C50052B3FE /* myJW */ = {
			isa = PBXNativeTarget;
			buildConfigurationList = D7A13BF21BE0F0C50052B3FE /* Build configuration list for PBXNativeTarget "myJW" */;
			buildPhases = (
				D7A13BD11BE0F0C50052B3FE /* Sources */,
				D7A13BD21BE0F0C50052B3FE /* Frameworks */,
				D7A13BD31BE0F0C50052B3FE /* Resources */,
			);
			buildRules = (
			);
			dependencies = (
			);
			name = myJW;
			productName = myJW;
			productReference = D7A13BD51BE0F0C50052B3FE /* myJW.app */;
			productType = "com.apple.product-type.application";
		};
		D7A13BE81BE0F0C50052B3FE /* myJWTests */ = {
			isa = PBXNativeTarget;
			buildConfigurationList = D7A13BF51BE0F0C50052B3FE /* Build configuration list for PBXNativeTarget "myJWTests" */;
			buildPhases = (
				D7A13BE51BE0F0C50052B3FE /* Sources */,
				D7A13BE61BE0F0C50052B3FE /* Frameworks */,
				D7A13BE71BE0F0C50052B3FE /* Resources */,
			);
			buildRules = (
			);
			dependencies = (
				D7A13BEB1BE0F0C50052B3FE /* PBXTargetDependency */,
			);
			name = myJWTests;
			productName = myJWTests;
			productReference = D7A13BE91BE0F0C50052B3FE /* myJWTests.xctest */;
			productType = "com.apple.product-type.bundle.unit-test";
		};
/* End PBXNativeTarget section */

/* Begin PBXProject section */
		D7A13BCD1BE0F0C50052B3FE /* Project object */ = {
			isa = PBXProject;
			attributes = {
				LastSwiftUpdateCheck = 0710;
				LastUpgradeCheck = 0710;
				ORGANIZATIONNAME = Michalik;
				TargetAttributes = {
					D7A13BD41BE0F0C50052B3FE = {
						CreatedOnToolsVersion = 7.1;
						DevelopmentTeam = W45FMXDTHF;
					};
					D7A13BE81BE0F0C50052B3FE = {
						CreatedOnToolsVersion = 7.1;
						DevelopmentTeam = W45FMXDTHF;
						TestTargetID = D7A13BD41BE0F0C50052B3FE;
					};
				};
			};
			buildConfigurationList = D7A13BD01BE0F0C50052B3FE /* Build configuration list for PBXProject "myJW" */;
			compatibilityVersion = "Xcode 3.2";
			developmentRegion = English;
			hasScannedForEncodings = 0;
			knownRegions = (
				en,
				Base,
			);
			mainGroup = D7A13BCC1BE0F0C50052B3FE;
			productRefGroup = D7A13BD61BE0F0C50052B3FE /* Products */;
			projectDirPath = "";
			projectRoot = "";
			targets = (
				D7A13BD41BE0F0C50052B3FE /* myJW */,
				D7A13BE81BE0F0C50052B3FE /* myJWTests */,
			);
		};
/* End PBXProject section */

/* Begin PBXResourcesBuildPhase section */
		D7A13BD31BE0F0C50052B3FE /* Resources */ = {
			isa = PBXResourcesBuildPhase;
			buildActionMask = 2147483647;
			files = (
				D7A13BE31BE0F0C50052B3FE /* LaunchScreen.storyboard in Resources */,
				D7A13BFB1BE0F43E0052B3FE /* main.css in Resources */,
				D7A13BF91BE0F2E80052B3FE /* index.html in Resources */,
				D7A13BFD1BE0F49A0052B3FE /* main.js in Resources */,
				D7A13BE01BE0F0C50052B3FE /* Assets.xcassets in Resources */,
				D7A13BDE1BE0F0C50052B3FE /* Main.storyboard in Resources */,
			);
			runOnlyForDeploymentPostprocessing = 0;
		};
		D7A13BE71BE0F0C50052B3FE /* Resources */ = {
			isa = PBXResourcesBuildPhase;
			buildActionMask = 2147483647;
			files = (
			);
			runOnlyForDeploymentPostprocessing = 0;
		};
/* End PBXResourcesBuildPhase section */

/* Begin PBXSourcesBuildPhase section */
		D7A13BD11BE0F0C50052B3FE /* Sources */ = {
			isa = PBXSourcesBuildPhase;
			buildActionMask = 2147483647;
			files = (
				D7A13BDB1BE0F0C50052B3FE /* ViewController.swift in Sources */,
				D7A13BD91BE0F0C50052B3FE /* AppDelegate.swift in Sources */,
			);
			runOnlyForDeploymentPostprocessing = 0;
		};
		D7A13BE51BE0F0C50052B3FE /* Sources */ = {
			isa = PBXSourcesBuildPhase;
			buildActionMask = 2147483647;
			files = (
				D7A13BEE1BE0F0C50052B3FE /* myJWTests.swift in Sources */,
			);
			runOnlyForDeploymentPostprocessing = 0;
		};
/* End PBXSourcesBuildPhase section */

/* Begin PBXTargetDependency section */
		D7A13BEB1BE0F0C50052B3FE /* PBXTargetDependency */ = {
			isa = PBXTargetDependency;
			target = D7A13BD41BE0F0C50052B3FE /* myJW */;
			targetProxy = D7A13BEA1BE0F0C50052B3FE /* PBXContainerItemProxy */;
		};
/* End PBXTargetDependency section */

/* Begin PBXVariantGroup section */
		D7A13BDC1BE0F0C50052B3FE /* Main.storyboard */ = {
			isa = PBXVariantGroup;
			children = (
				D7A13BDD1BE0F0C50052B3FE /* Base */,
			);
			name = Main.storyboard;
			sourceTree = "<group>";
		};
		D7A13BE11BE0F0C50052B3FE /* LaunchScreen.storyboard */ = {
			isa = PBXVariantGroup;
			children = (
				D7A13BE21BE0F0C50052B3FE /* Base */,
			);
			name = LaunchScreen.storyboard;
			sourceTree = "<group>";
		};
/* End PBXVariantGroup section */

/* Begin XCBuildConfiguration section */
		D7A13BF01BE0F0C50052B3FE /* Debug */ = {
			isa = XCBuildConfiguration;
			buildSettings = {
				ALWAYS_SEARCH_USER_PATHS = NO;
				CLANG_CXX_LANGUAGE_STANDARD = "gnu++0x";
				CLANG_CXX_LIBRARY = "libc++";
				CLANG_ENABLE_MODULES = YES;
				CLANG_ENABLE_OBJC_ARC = YES;
				CLANG_WARN_BOOL_CONVERSION = YES;
				CLANG_WARN_CONSTANT_CONVERSION = YES;
				CLANG_WARN_DIRECT_OBJC_ISA_USAGE = YES_ERROR;
				CLANG_WARN_EMPTY_BODY = YES;
				CLANG_WARN_ENUM_CONVERSION = YES;
				CLANG_WARN_INT_CONVERSION = YES;
				CLANG_WARN_OBJC_ROOT_CLASS = YES_ERROR;
				CLANG_WARN_UNREACHABLE_CODE = YES;
				CLANG_WARN__DUPLICATE_METHOD_MATCH = YES;
				"CODE_SIGN_IDENTITY[sdk=iphoneos*]" = "iPhone Developer";
				COPY_PHASE_STRIP = NO;
				DEBUG_INFORMATION_FORMAT = dwarf;
				ENABLE_STRICT_OBJC_MSGSEND = YES;
				ENABLE_TESTABILITY = YES;
				GCC_C_LANGUAGE_STANDARD = gnu99;
				GCC_DYNAMIC_NO_PIC = NO;
				GCC_NO_COMMON_BLOCKS = YES;
				GCC_OPTIMIZATION_LEVEL = 0;
				GCC_PREPROCESSOR_DEFINITIONS = (
					"DEBUG=1",
					"$(inherited)",
				);
				GCC_WARN_64_TO_32_BIT_CONVERSION = YES;
				GCC_WARN_ABOUT_RETURN_TYPE = YES_ERROR;
				GCC_WARN_UNDECLARED_SELECTOR = YES;
				GCC_WARN_UNINITIALIZED_AUTOS = YES_AGGRESSIVE;
				GCC_WARN_UNUSED_FUNCTION = YES;
				GCC_WARN_UNUSED_VARIABLE = YES;
				IPHONEOS_DEPLOYMENT_TARGET = 9.1;
				MTL_ENABLE_DEBUG_INFO = YES;
				ONLY_ACTIVE_ARCH = YES;
				SDKROOT = iphoneos;
				SWIFT_OPTIMIZATION_LEVEL = "-Onone";
				TARGETED_DEVICE_FAMILY = "1,2";
			};
			name = Debug;
		};
		D7A13BF11BE0F0C50052B3FE /* Release */ = {
			isa = XCBuildConfiguration;
			buildSettings = {
				ALWAYS_SEARCH_USER_PATHS = NO;
				CLANG_CXX_LANGUAGE_STANDARD = "gnu++0x";
				CLANG_CXX_LIBRARY = "libc++";
				CLANG_ENABLE_MODULES = YES;
				CLANG_ENABLE_OBJC_ARC = YES;
				CLANG_WARN_BOOL_CONVERSION = YES;
				CLANG_WARN_CONSTANT_CONVERSION = YES;
				CLANG_WARN_DIRECT_OBJC_ISA_USAGE = YES_ERROR;
				CLANG_WARN_EMPTY_BODY = YES;
				CLANG_WARN_ENUM_CONVERSION = YES;
				CLANG_WARN_INT_CONVERSION = YES;
				CLANG_WARN_OBJC_ROOT_CLASS = YES_ERROR;
				CLANG_WARN_UNREACHABLE_CODE = YES;
				CLANG_WARN__DUPLICATE_METHOD_MATCH = YES;
				"CODE_SIGN_IDENTITY[sdk=iphoneos*]" = "iPhone Developer";
				COPY_PHASE_STRIP = NO;
				DEBUG_INFORMATION_FORMAT = "dwarf-with-dsym";
				ENABLE_NS_ASSERTIONS = NO;
				ENABLE_STRICT_OBJC_MSGSEND = YES;
				GCC_C_LANGUAGE_STANDARD = gnu99;
				GCC_NO_COMMON_BLOCKS = YES;
				GCC_WARN_64_TO_32_BIT_CONVERSION = YES;
				GCC_WARN_ABOUT_RETURN_TYPE = YES_ERROR;
				GCC_WARN_UNDECLARED_SELECTOR = YES;
				GCC_WARN_UNINITIALIZED_AUTOS = YES_AGGRESSIVE;
				GCC_WARN_UNUSED_FUNCTION = YES;
				GCC_WARN_UNUSED_VARIABLE = YES;
				IPHONEOS_DEPLOYMENT_TARGET = 9.1;
				MTL_ENABLE_DEBUG_INFO = NO;
				SDKROOT = iphoneos;
				TARGETED_DEVICE_FAMILY = "1,2";
				VALIDATE_PRODUCT = YES;
			};
			name = Release;
		};
		D7A13BF31BE0F0C50052B3FE /* Debug */ = {
			isa = XCBuildConfiguration;
			buildSettings = {
				ASSETCATALOG_COMPILER_APPICON_NAME = AppIcon;
				INFOPLIST_FILE = myJW/Info.plist;
				LD_RUNPATH_SEARCH_PATHS = "$(inherited) @executable_path/Frameworks";
				PRODUCT_BUNDLE_IDENTIFIER = Michalik.myJW;
				PRODUCT_NAME = "$(TARGET_NAME)";
			};
			name = Debug;
		};
		D7A13BF41BE0F0C50052B3FE /* Release */ = {
			isa = XCBuildConfiguration;
			buildSettings = {
				ASSETCATALOG_COMPILER_APPICON_NAME = AppIcon;
				INFOPLIST_FILE = myJW/Info.plist;
				LD_RUNPATH_SEARCH_PATHS = "$(inherited) @executable_path/Frameworks";
				PRODUCT_BUNDLE_IDENTIFIER = Michalik.myJW;
				PRODUCT_NAME = "$(TARGET_NAME)";
			};
			name = Release;
		};
		D7A13BF61BE0F0C50052B3FE /* Debug */ = {
			isa = XCBuildConfiguration;
			buildSettings = {
				BUNDLE_LOADER = "$(TEST_HOST)";
				INFOPLIST_FILE = myJWTests/Info.plist;
				LD_RUNPATH_SEARCH_PATHS = "$(inherited) @executable_path/Frameworks @loader_path/Frameworks";
				PRODUCT_BUNDLE_IDENTIFIER = Michalik.myJWTests;
				PRODUCT_NAME = "$(TARGET_NAME)";
				TEST_HOST = "$(BUILT_PRODUCTS_DIR)/myJW.app/myJW";
			};
			name = Debug;
		};
		D7A13BF71BE0F0C50052B3FE /* Release */ = {
			isa = XCBuildConfiguration;
			buildSettings = {
				BUNDLE_LOADER = "$(TEST_HOST)";
				INFOPLIST_FILE = myJWTests/Info.plist;
				LD_RUNPATH_SEARCH_PATHS = "$(inherited) @executable_path/Frameworks @loader_path/Frameworks";
				PRODUCT_BUNDLE_IDENTIFIER = Michalik.myJWTests;
				PRODUCT_NAME = "$(TARGET_NAME)";
				TEST_HOST = "$(BUILT_PRODUCTS_DIR)/myJW.app/myJW";
			};
			name = Release;
		};
/* End XCBuildConfiguration section */

/* Begin XCConfigurationList section */
		D7A13BD01BE0F0C50052B3FE /* Build configuration list for PBXProject "myJW" */ = {
			isa = XCConfigurationList;
			buildConfigurations = (
				D7A13BF01BE0F0C50052B3FE /* Debug */,
				D7A13BF11BE0F0C50052B3FE /* Release */,
			);
			defaultConfigurationIsVisible = 0;
			defaultConfigurationName = Release;
		};
		D7A13BF21BE0F0C50052B3FE /* Build configuration list for PBXNativeTarget "myJW" */ = {
			isa = XCConfigurationList;
			buildConfigurations = (
				D7A13BF31BE0F0C50052B3FE /* Debug */,
				D7A13BF41BE0F0C50052B3FE /* Release */,
			);
			defaultConfigurationIsVisible = 0;
		};
		D7A13BF51BE0F0C50052B3FE /* Build configuration list for PBXNativeTarget "myJWTests" */ = {
			isa = XCConfigurationList;
			buildConfigurations = (
				D7A13BF61BE0F0C50052B3FE /* Debug */,
				D7A13BF71BE0F0C50052B3FE /* Release */,
			);
			defaultConfigurationIsVisible = 0;
		};
/* End XCConfigurationList section */
	};
	rootObject = D7A13BCD1BE0F0C50052B3FE /* Project object */;
}
